
Microsoft Visual Studio Solution File, Format Version 12.00
# Visual Studio Version 17
VisualStudioVersion = 17.0.31903.59
MinimumVisualStudioVersion = 10.0.40219.1
Project("{FAE04EC0-301F-11D3-BF4B-00C04F79EFBC}") = "MinimalApi", "MinimalApi\MinimalApi.csproj", "{0D50691D-3F4C-443D-8C07-9EDA47432052}"
EndProject
Project("{FAE04EC0-301F-11D3-BF4B-00C04F79EFBC}") = "MinimalApiTests", "MinimalApiTests\MinimalApiTests.csproj", "{77290621-0132-4FD0-B54B-87436262D25F}"
EndProject
Global
	GlobalSection(SolutionConfigurationPlatforms) = preSolution
		Debug|Any CPU = Debug|Any CPU
		Release|Any CPU = Release|Any CPU
	EndGlobalSection
	GlobalSection(SolutionProperties) = preSolution
		HideSolutionNode = FALSE
	EndGlobalSection
	GlobalSection(ProjectConfigurationPlatforms) = postSolution
		{0D50691D-3F4C-443D-8C07-9EDA47432052}.Debug|Any CPU.ActiveCfg = Debug|Any CPU
		{0D50691D-3F4C-443D-8C07-9EDA47432052}.Debug|Any CPU.Build.0 = Debug|Any CPU
		{0D50691D-3F4C-443D-8C07-9EDA47432052}.Release|Any CPU.ActiveCfg = Release|Any CPU
		{0D50691D-3F4C-443D-8C07-9EDA47432052}.Release|Any CPU.Build.0 = Release|Any CPU
		{77290621-0132-4FD0-B54B-87436262D25F}.Debug|Any CPU.ActiveCfg = Debug|Any CPU
		{77290621-0132-4FD0-B54B-87436262D25F}.Debug|Any CPU.Build.0 = Debug|Any CPU
		{77290621-0132-4FD0-B54B-87436262D25F}.Release|Any CPU.ActiveCfg = Release|Any CPU
		{77290621-0132-4FD0-B54B-87436262D25F}.Release|Any CPU.Build.0 = Release|Any CPU
	EndGlobalSection
EndGlobal
