
Microsoft Visual Studio Solution File, Format Version 12.00
# Visual Studio Version 17
VisualStudioVersion = 17.7.34031.279
MinimumVisualStudioVersion = 10.0.40219.1
Project("{FAE04EC0-301F-11D3-BF4B-00C04F79EFBC}") = "Calc", "Calc\Calc.csproj", "{6C1EC0DA-1227-4929-B9CE-91AB4CD7BD9A}"
EndProject
Global
	GlobalSection(SolutionConfigurationPlatforms) = preSolution
		Debug|Any CPU = Debug|Any CPU
		Release|Any CPU = Release|Any CPU
	EndGlobalSection
	GlobalSection(ProjectConfigurationPlatforms) = postSolution
		{6C1EC0DA-1227-4929-B9CE-91AB4CD7BD9A}.Debug|Any CPU.ActiveCfg = Debug|Any CPU
		{6C1EC0DA-1227-4929-B9CE-91AB4CD7BD9A}.Debug|Any CPU.Build.0 = Debug|Any CPU
		{6C1EC0DA-1227-4929-B9CE-91AB4CD7BD9A}.Release|Any CPU.ActiveCfg = Release|Any CPU
		{6C1EC0DA-1227-4929-B9CE-91AB4CD7BD9A}.Release|Any CPU.Build.0 = Release|Any CPU
	EndGlobalSection
	GlobalSection(SolutionProperties) = preSolution
		HideSolutionNode = FALSE
	EndGlobalSection
	GlobalSection(ExtensibilityGlobals) = postSolution
		SolutionGuid = {20F63368-0523-4AE8-9522-C755A07156FD}
	EndGlobalSection
EndGlobal
