
Microsoft Visual Studio Solution File, Format Version 12.00
# Visual Studio Version 17
VisualStudioVersion = 17.0.31903.59
MinimumVisualStudioVersion = 10.0.40219.1
Project("{FAE04EC0-301F-11D3-BF4B-00C04F79EFBC}") = "hw_2", "hw_2\hw_2.csproj", "{2C9A1DE9-5B86-4726-BC36-9693CEF990FE}"
EndProject
Project("{FAE04EC0-301F-11D3-BF4B-00C04F79EFBC}") = "hw_1", "hw_1\hw_1.csproj", "{4B147FC2-11BE-46AC-BA5F-DBF0E88F4F62}"
EndProject
Global
	GlobalSection(SolutionConfigurationPlatforms) = preSolution
		Debug|Any CPU = Debug|Any CPU
		Release|Any CPU = Release|Any CPU
	EndGlobalSection
	GlobalSection(SolutionProperties) = preSolution
		HideSolutionNode = FALSE
	EndGlobalSection
	GlobalSection(ProjectConfigurationPlatforms) = postSolution
		{8E725DB9-B56B-42B0-BD6A-1101CCDBC7E9}.Debug|Any CPU.ActiveCfg = Debug|Any CPU
		{8E725DB9-B56B-42B0-BD6A-1101CCDBC7E9}.Debug|Any CPU.Build.0 = Debug|Any CPU
		{8E725DB9-B56B-42B0-BD6A-1101CCDBC7E9}.Release|Any CPU.ActiveCfg = Release|Any CPU
		{8E725DB9-B56B-42B0-BD6A-1101CCDBC7E9}.Release|Any CPU.Build.0 = Release|Any CPU
		{2C9A1DE9-5B86-4726-BC36-9693CEF990FE}.Debug|Any CPU.ActiveCfg = Debug|Any CPU
		{2C9A1DE9-5B86-4726-BC36-9693CEF990FE}.Debug|Any CPU.Build.0 = Debug|Any CPU
		{2C9A1DE9-5B86-4726-BC36-9693CEF990FE}.Release|Any CPU.ActiveCfg = Release|Any CPU
		{2C9A1DE9-5B86-4726-BC36-9693CEF990FE}.Release|Any CPU.Build.0 = Release|Any CPU
		{4B147FC2-11BE-46AC-BA5F-DBF0E88F4F62}.Debug|Any CPU.ActiveCfg = Debug|Any CPU
		{4B147FC2-11BE-46AC-BA5F-DBF0E88F4F62}.Debug|Any CPU.Build.0 = Debug|Any CPU
		{4B147FC2-11BE-46AC-BA5F-DBF0E88F4F62}.Release|Any CPU.ActiveCfg = Release|Any CPU
		{4B147FC2-11BE-46AC-BA5F-DBF0E88F4F62}.Release|Any CPU.Build.0 = Release|Any CPU
	EndGlobalSection
EndGlobal
