
Microsoft Visual Studio Solution File, Format Version 12.00
# Visual Studio Version 17
VisualStudioVersion = 17.5.002.0
MinimumVisualStudioVersion = 10.0.40219.1
Project("{9A19103F-16F7-4668-BE54-9A1E7A4F7556}") = "Quiz", "Quiz.csproj", "{FA6EAD1D-B88A-42B8-A8AB-A22DBD7E4B3E}"
EndProject
Global
	GlobalSection(SolutionConfigurationPlatforms) = preSolution
		Debug|Any CPU = Debug|Any CPU
		Release|Any CPU = Release|Any CPU
	EndGlobalSection
	GlobalSection(ProjectConfigurationPlatforms) = postSolution
		{FA6EAD1D-B88A-42B8-A8AB-A22DBD7E4B3E}.Debug|Any CPU.ActiveCfg = Debug|Any CPU
		{FA6EAD1D-B88A-42B8-A8AB-A22DBD7E4B3E}.Debug|Any CPU.Build.0 = Debug|Any CPU
		{FA6EAD1D-B88A-42B8-A8AB-A22DBD7E4B3E}.Release|Any CPU.ActiveCfg = Release|Any CPU
		{FA6EAD1D-B88A-42B8-A8AB-A22DBD7E4B3E}.Release|Any CPU.Build.0 = Release|Any CPU
	EndGlobalSection
	GlobalSection(SolutionProperties) = preSolution
		HideSolutionNode = FALSE
	EndGlobalSection
	GlobalSection(ExtensibilityGlobals) = postSolution
		SolutionGuid = {9CFDE5A9-B042-4B74-9E94-99ACB0C05D3C}
	EndGlobalSection
EndGlobal
