
Microsoft Visual Studio Solution File, Format Version 12.00
# Visual Studio Version 17
VisualStudioVersion = 17.9.34622.214
MinimumVisualStudioVersion = 10.0.40219.1
Project("{9A19103F-16F7-4668-BE54-9A1E7A4F7556}") = "Server", "Server\Server.csproj", "{77B5478D-28EB-455D-A672-81354189E582}"
EndProject
Project("{FAE04EC0-301F-11D3-BF4B-00C04F79EFBC}") = "Client", "Client\Client.csproj", "{5CA07A9E-557D-4494-9D6B-648615A214AD}"
EndProject
Global
	GlobalSection(SolutionConfigurationPlatforms) = preSolution
		Debug|Any CPU = Debug|Any CPU
		Release|Any CPU = Release|Any CPU
	EndGlobalSection
	GlobalSection(ProjectConfigurationPlatforms) = postSolution
		{77B5478D-28EB-455D-A672-81354189E582}.Debug|Any CPU.ActiveCfg = Debug|Any CPU
		{77B5478D-28EB-455D-A672-81354189E582}.Debug|Any CPU.Build.0 = Debug|Any CPU
		{77B5478D-28EB-455D-A672-81354189E582}.Release|Any CPU.ActiveCfg = Release|Any CPU
		{77B5478D-28EB-455D-A672-81354189E582}.Release|Any CPU.Build.0 = Release|Any CPU
		{5CA07A9E-557D-4494-9D6B-648615A214AD}.Debug|Any CPU.ActiveCfg = Debug|Any CPU
		{5CA07A9E-557D-4494-9D6B-648615A214AD}.Debug|Any CPU.Build.0 = Debug|Any CPU
		{5CA07A9E-557D-4494-9D6B-648615A214AD}.Release|Any CPU.ActiveCfg = Release|Any CPU
		{5CA07A9E-557D-4494-9D6B-648615A214AD}.Release|Any CPU.Build.0 = Release|Any CPU
	EndGlobalSection
	GlobalSection(SolutionProperties) = preSolution
		HideSolutionNode = FALSE
	EndGlobalSection
	GlobalSection(ExtensibilityGlobals) = postSolution
		SolutionGuid = {FC23D496-577D-4EEA-B049-067350BA9C4B}
	EndGlobalSection
EndGlobal
