
Microsoft Visual Studio Solution File, Format Version 12.00
# Visual Studio Version 16
VisualStudioVersion = 16.0.32929.386
MinimumVisualStudioVersion = 10.0.40219.1
Project("{8BC9CEB8-8B4A-11D0-8D11-00A0C91BC942}") = "hw_Farmanov_06.01.2023", "hw_Farmanov_06.01.2023\hw_Farmanov_06.01.2023.vcxproj", "{C68CC110-F49E-4562-9A23-5BD7E8C98525}"
EndProject
Global
	GlobalSection(SolutionConfigurationPlatforms) = preSolution
		Debug|x64 = Debug|x64
		Debug|x86 = Debug|x86
		Release|x64 = Release|x64
		Release|x86 = Release|x86
	EndGlobalSection
	GlobalSection(ProjectConfigurationPlatforms) = postSolution
		{C68CC110-F49E-4562-9A23-5BD7E8C98525}.Debug|x64.ActiveCfg = Debug|x64
		{C68CC110-F49E-4562-9A23-5BD7E8C98525}.Debug|x64.Build.0 = Debug|x64
		{C68CC110-F49E-4562-9A23-5BD7E8C98525}.Debug|x86.ActiveCfg = Debug|Win32
		{C68CC110-F49E-4562-9A23-5BD7E8C98525}.Debug|x86.Build.0 = Debug|Win32
		{C68CC110-F49E-4562-9A23-5BD7E8C98525}.Release|x64.ActiveCfg = Release|x64
		{C68CC110-F49E-4562-9A23-5BD7E8C98525}.Release|x64.Build.0 = Release|x64
		{C68CC110-F49E-4562-9A23-5BD7E8C98525}.Release|x86.ActiveCfg = Release|Win32
		{C68CC110-F49E-4562-9A23-5BD7E8C98525}.Release|x86.Build.0 = Release|Win32
	EndGlobalSection
	GlobalSection(SolutionProperties) = preSolution
		HideSolutionNode = FALSE
	EndGlobalSection
	GlobalSection(ExtensibilityGlobals) = postSolution
		SolutionGuid = {30243FDD-85DA-45A2-B44E-B383A09EB84E}
	EndGlobalSection
EndGlobal
