
Microsoft Visual Studio Solution File, Format Version 12.00
# Visual Studio Version 17
VisualStudioVersion = 17.8.34316.72
MinimumVisualStudioVersion = 10.0.40219.1
Project("{FAE04EC0-301F-11D3-BF4B-00C04F79EFBC}") = "MetroStyleDesign", "MetroStyleDesign\MetroStyleDesign.csproj", "{81340B9C-59E6-4229-8429-2BF90B739A70}"
EndProject
Global
	GlobalSection(SolutionConfigurationPlatforms) = preSolution
		Debug|Any CPU = Debug|Any CPU
		Release|Any CPU = Release|Any CPU
	EndGlobalSection
	GlobalSection(ProjectConfigurationPlatforms) = postSolution
		{81340B9C-59E6-4229-8429-2BF90B739A70}.Debug|Any CPU.ActiveCfg = Debug|Any CPU
		{81340B9C-59E6-4229-8429-2BF90B739A70}.Debug|Any CPU.Build.0 = Debug|Any CPU
		{81340B9C-59E6-4229-8429-2BF90B739A70}.Release|Any CPU.ActiveCfg = Release|Any CPU
		{81340B9C-59E6-4229-8429-2BF90B739A70}.Release|Any CPU.Build.0 = Release|Any CPU
	EndGlobalSection
	GlobalSection(SolutionProperties) = preSolution
		HideSolutionNode = FALSE
	EndGlobalSection
	GlobalSection(ExtensibilityGlobals) = postSolution
		SolutionGuid = {AB309F36-F1F8-436C-B254-972DA7F5BC69}
	EndGlobalSection
EndGlobal
