
Microsoft Visual Studio Solution File, Format Version 12.00
# Visual Studio Version 17
VisualStudioVersion = 17.0.31903.59
MinimumVisualStudioVersion = 10.0.40219.1
Project("{9A19103F-16F7-4668-BE54-9A1E7A4F7556}") = "SearchApi", "SearchApi\SearchApi.csproj", "{23F1AD86-9C8C-422D-BDB9-B36378C44E65}"
EndProject
Project("{FAE04EC0-301F-11D3-BF4B-00C04F79EFBC}") = "SearchSystem", "SearchSystem\SearchSystem.csproj", "{50E84DA5-FE02-4D9F-AD50-EAE3518AA288}"
EndProject
Global
	GlobalSection(SolutionConfigurationPlatforms) = preSolution
		Debug|Any CPU = Debug|Any CPU
		Release|Any CPU = Release|Any CPU
	EndGlobalSection
	GlobalSection(ProjectConfigurationPlatforms) = postSolution
		{23F1AD86-9C8C-422D-BDB9-B36378C44E65}.Debug|Any CPU.ActiveCfg = Debug|Any CPU
		{23F1AD86-9C8C-422D-BDB9-B36378C44E65}.Debug|Any CPU.Build.0 = Debug|Any CPU
		{23F1AD86-9C8C-422D-BDB9-B36378C44E65}.Release|Any CPU.ActiveCfg = Release|Any CPU
		{23F1AD86-9C8C-422D-BDB9-B36378C44E65}.Release|Any CPU.Build.0 = Release|Any CPU
		{50E84DA5-FE02-4D9F-AD50-EAE3518AA288}.Debug|Any CPU.ActiveCfg = Debug|Any CPU
		{50E84DA5-FE02-4D9F-AD50-EAE3518AA288}.Debug|Any CPU.Build.0 = Debug|Any CPU
		{50E84DA5-FE02-4D9F-AD50-EAE3518AA288}.Release|Any CPU.ActiveCfg = Release|Any CPU
		{50E84DA5-FE02-4D9F-AD50-EAE3518AA288}.Release|Any CPU.Build.0 = Release|Any CPU
	EndGlobalSection
	GlobalSection(SolutionProperties) = preSolution
		HideSolutionNode = FALSE
	EndGlobalSection
	GlobalSection(ExtensibilityGlobals) = postSolution
		SolutionGuid = {29AAF4D1-BC25-40A8-B230-4051141FE4ED}
	EndGlobalSection
EndGlobal
