
Microsoft Visual Studio Solution File, Format Version 12.00
# Visual Studio Version 17
VisualStudioVersion = 17.5.002.0
MinimumVisualStudioVersion = 10.0.40219.1
Project("{9A19103F-16F7-4668-BE54-9A1E7A4F7556}") = "hw_Farmanov_09.12.2023", "hw_Farmanov_09.12.2023.csproj", "{AB5B55B9-5F9A-47D3-8560-A618837C94BA}"
EndProject
Global
	GlobalSection(SolutionConfigurationPlatforms) = preSolution
		Debug|Any CPU = Debug|Any CPU
		Release|Any CPU = Release|Any CPU
	EndGlobalSection
	GlobalSection(ProjectConfigurationPlatforms) = postSolution
		{AB5B55B9-5F9A-47D3-8560-A618837C94BA}.Debug|Any CPU.ActiveCfg = Debug|Any CPU
		{AB5B55B9-5F9A-47D3-8560-A618837C94BA}.Debug|Any CPU.Build.0 = Debug|Any CPU
		{AB5B55B9-5F9A-47D3-8560-A618837C94BA}.Release|Any CPU.ActiveCfg = Release|Any CPU
		{AB5B55B9-5F9A-47D3-8560-A618837C94BA}.Release|Any CPU.Build.0 = Release|Any CPU
	EndGlobalSection
	GlobalSection(SolutionProperties) = preSolution
		HideSolutionNode = FALSE
	EndGlobalSection
	GlobalSection(ExtensibilityGlobals) = postSolution
		SolutionGuid = {6BA1D90C-9B23-4030-9B81-E7EAFECBE0BF}
	EndGlobalSection
EndGlobal
