
Microsoft Visual Studio Solution File, Format Version 12.00
# Visual Studio Version 17
VisualStudioVersion = 17.5.002.0
MinimumVisualStudioVersion = 10.0.40219.1
Project("{9A19103F-16F7-4668-BE54-9A1E7A4F7556}") = "hw_Farmanov_08.31.2023", "hw_Farmanov_08.31.2023.csproj", "{104509DE-436D-413F-9F7C-39F3EC7F17C4}"
EndProject
Global
	GlobalSection(SolutionConfigurationPlatforms) = preSolution
		Debug|Any CPU = Debug|Any CPU
		Release|Any CPU = Release|Any CPU
	EndGlobalSection
	GlobalSection(ProjectConfigurationPlatforms) = postSolution
		{104509DE-436D-413F-9F7C-39F3EC7F17C4}.Debug|Any CPU.ActiveCfg = Debug|Any CPU
		{104509DE-436D-413F-9F7C-39F3EC7F17C4}.Debug|Any CPU.Build.0 = Debug|Any CPU
		{104509DE-436D-413F-9F7C-39F3EC7F17C4}.Release|Any CPU.ActiveCfg = Release|Any CPU
		{104509DE-436D-413F-9F7C-39F3EC7F17C4}.Release|Any CPU.Build.0 = Release|Any CPU
	EndGlobalSection
	GlobalSection(SolutionProperties) = preSolution
		HideSolutionNode = FALSE
	EndGlobalSection
	GlobalSection(ExtensibilityGlobals) = postSolution
		SolutionGuid = {A757A646-C521-4B22-A9B5-7EEAE5C203C8}
	EndGlobalSection
EndGlobal
