
Microsoft Visual Studio Solution File, Format Version 12.00
# Visual Studio Version 17
VisualStudioVersion = 17.5.002.0
MinimumVisualStudioVersion = 10.0.40219.1
Project("{9A19103F-16F7-4668-BE54-9A1E7A4F7556}") = "Dictionary", "Dictionary.csproj", "{E5F4F86F-3805-4009-9ABA-99FA5711021A}"
EndProject
Global
	GlobalSection(SolutionConfigurationPlatforms) = preSolution
		Debug|Any CPU = Debug|Any CPU
		Release|Any CPU = Release|Any CPU
	EndGlobalSection
	GlobalSection(ProjectConfigurationPlatforms) = postSolution
		{E5F4F86F-3805-4009-9ABA-99FA5711021A}.Debug|Any CPU.ActiveCfg = Debug|Any CPU
		{E5F4F86F-3805-4009-9ABA-99FA5711021A}.Debug|Any CPU.Build.0 = Debug|Any CPU
		{E5F4F86F-3805-4009-9ABA-99FA5711021A}.Release|Any CPU.ActiveCfg = Release|Any CPU
		{E5F4F86F-3805-4009-9ABA-99FA5711021A}.Release|Any CPU.Build.0 = Release|Any CPU
	EndGlobalSection
	GlobalSection(SolutionProperties) = preSolution
		HideSolutionNode = FALSE
	EndGlobalSection
	GlobalSection(ExtensibilityGlobals) = postSolution
		SolutionGuid = {EC855DE4-D850-467C-94B2-91C003734517}
	EndGlobalSection
EndGlobal
