
Microsoft Visual Studio Solution File, Format Version 12.00
# Visual Studio Version 17
VisualStudioVersion = 17.8.34316.72
MinimumVisualStudioVersion = 10.0.40219.1
Project("{FAE04EC0-301F-11D3-BF4B-00C04F79EFBC}") = "hw_Farmanov_01.09.2024", "hw_Farmanov_01.09.2024\hw_Farmanov_01.09.2024.csproj", "{27A2537F-8A04-4307-AD1A-EE6EC7455D37}"
EndProject
Global
	GlobalSection(SolutionConfigurationPlatforms) = preSolution
		Debug|Any CPU = Debug|Any CPU
		Release|Any CPU = Release|Any CPU
	EndGlobalSection
	GlobalSection(ProjectConfigurationPlatforms) = postSolution
		{27A2537F-8A04-4307-AD1A-EE6EC7455D37}.Debug|Any CPU.ActiveCfg = Debug|Any CPU
		{27A2537F-8A04-4307-AD1A-EE6EC7455D37}.Debug|Any CPU.Build.0 = Debug|Any CPU
		{27A2537F-8A04-4307-AD1A-EE6EC7455D37}.Release|Any CPU.ActiveCfg = Release|Any CPU
		{27A2537F-8A04-4307-AD1A-EE6EC7455D37}.Release|Any CPU.Build.0 = Release|Any CPU
	EndGlobalSection
	GlobalSection(SolutionProperties) = preSolution
		HideSolutionNode = FALSE
	EndGlobalSection
	GlobalSection(ExtensibilityGlobals) = postSolution
		SolutionGuid = {ACF8E8F7-3927-40FA-8CE9-BA906AA07CDF}
	EndGlobalSection
EndGlobal
